
Microsoft Visual Studio Solution File, Format Version 12.00
# Visual Studio Version 17
VisualStudioVersion = 17.13.35825.156 d17.13
MinimumVisualStudioVersion = 10.0.40219.1
Project("{FAE04EC0-301F-11D3-BF4B-00C04F79EFBC}") = "CLINICAUHBenavides", "CLINICAUHBenavides\CLINICAUHBenavides.csproj", "{615EB79B-DA5A-46D9-A5BD-E43E94D3E386}"
EndProject
Global
	GlobalSection(SolutionConfigurationPlatforms) = preSolution
		Debug|Any CPU = Debug|Any CPU
		Release|Any CPU = Release|Any CPU
	EndGlobalSection
	GlobalSection(ProjectConfigurationPlatforms) = postSolution
		{615EB79B-DA5A-46D9-A5BD-E43E94D3E386}.Debug|Any CPU.ActiveCfg = Debug|Any CPU
		{615EB79B-DA5A-46D9-A5BD-E43E94D3E386}.Debug|Any CPU.Build.0 = Debug|Any CPU
		{615EB79B-DA5A-46D9-A5BD-E43E94D3E386}.Release|Any CPU.ActiveCfg = Release|Any CPU
		{615EB79B-DA5A-46D9-A5BD-E43E94D3E386}.Release|Any CPU.Build.0 = Release|Any CPU
	EndGlobalSection
	GlobalSection(SolutionProperties) = preSolution
		HideSolutionNode = FALSE
	EndGlobalSection
	GlobalSection(ExtensibilityGlobals) = postSolution
		SolutionGuid = {5F7E3761-618B-4E0C-94D8-C0823074AE89}
	EndGlobalSection
EndGlobal
